
Microsoft Visual Studio Solution File, Format Version 12.00
# Visual Studio 2013
VisualStudioVersion = 12.0.31101.0
MinimumVisualStudioVersion = 10.0.40219.1
Project("{FAE04EC0-301F-11D3-BF4B-00C04F79EFBC}") = "ATM.darkside", "ATM.darkside\ATM.darkside.csproj", "{22AEFC27-319A-47C1-BCEC-840BE3876C13}"
EndProject
Project("{FAE04EC0-301F-11D3-BF4B-00C04F79EFBC}") = "ATM.darkside.Teste", "ATM.darkside.Teste\ATM.darkside.Teste.csproj", "{1682DAC1-175B-48C0-81C0-25116891FF95}"
EndProject
Global
	GlobalSection(SolutionConfigurationPlatforms) = preSolution
		Debug|Any CPU = Debug|Any CPU
		Release|Any CPU = Release|Any CPU
	EndGlobalSection
	GlobalSection(ProjectConfigurationPlatforms) = postSolution
		{22AEFC27-319A-47C1-BCEC-840BE3876C13}.Debug|Any CPU.ActiveCfg = Debug|Any CPU
		{22AEFC27-319A-47C1-BCEC-840BE3876C13}.Debug|Any CPU.Build.0 = Debug|Any CPU
		{22AEFC27-319A-47C1-BCEC-840BE3876C13}.Release|Any CPU.ActiveCfg = Release|Any CPU
		{22AEFC27-319A-47C1-BCEC-840BE3876C13}.Release|Any CPU.Build.0 = Release|Any CPU
		{1682DAC1-175B-48C0-81C0-25116891FF95}.Debug|Any CPU.ActiveCfg = Debug|Any CPU
		{1682DAC1-175B-48C0-81C0-25116891FF95}.Debug|Any CPU.Build.0 = Debug|Any CPU
		{1682DAC1-175B-48C0-81C0-25116891FF95}.Release|Any CPU.ActiveCfg = Release|Any CPU
		{1682DAC1-175B-48C0-81C0-25116891FF95}.Release|Any CPU.Build.0 = Release|Any CPU
	EndGlobalSection
	GlobalSection(SolutionProperties) = preSolution
		HideSolutionNode = FALSE
	EndGlobalSection
EndGlobal
